// !$*UTF8*$!
{
	archiveVersion = 1;
	classes = {
	};
	objectVersion = 56;
	objects = {

/* Begin PBXBuildFile section */
		979A89202981F3930080690B /* AppDelegate.swift in Sources */ = {isa = PBXBuildFile; fileRef = 979A891F2981F3930080690B /* AppDelegate.swift */; };
		979A89222981F3930080690B /* GameScene.sks in Resources */ = {isa = PBXBuildFile; fileRef = 979A89212981F3930080690B /* GameScene.sks */; };
		979A89242981F3930080690B /* Actions.sks in Resources */ = {isa = PBXBuildFile; fileRef = 979A89232981F3930080690B /* Actions.sks */; };
		979A89262981F3930080690B /* GameScene.swift in Sources */ = {isa = PBXBuildFile; fileRef = 979A89252981F3930080690B /* GameScene.swift */; };
		979A89282981F3930080690B /* GameViewController.swift in Sources */ = {isa = PBXBuildFile; fileRef = 979A89272981F3930080690B /* GameViewController.swift */; };
		979A892B2981F3930080690B /* Main.storyboard in Resources */ = {isa = PBXBuildFile; fileRef = 979A89292981F3930080690B /* Main.storyboard */; };
		979A892D2981F3940080690B /* Assets.xcassets in Resources */ = {isa = PBXBuildFile; fileRef = 979A892C2981F3940080690B /* Assets.xcassets */; };
		979A89302981F3940080690B /* LaunchScreen.storyboard in Resources */ = {isa = PBXBuildFile; fileRef = 979A892E2981F3940080690B /* LaunchScreen.storyboard */; };
		979A893D298241700080690B /* startMenu.swift in Sources */ = {isa = PBXBuildFile; fileRef = 979A893C298241700080690B /* startMenu.swift */; };
		979A893F298242DB0080690B /* startMenu.sks in Resources */ = {isa = PBXBuildFile; fileRef = 979A893E298242DB0080690B /* startMenu.sks */; };
		979A89452982B6490080690B /* Starfield.sks in Resources */ = {isa = PBXBuildFile; fileRef = 979A89442982B6480080690B /* Starfield.sks */; };
/* End PBXBuildFile section */

/* Begin PBXFileReference section */
		979A891C2981F3930080690B /* spacegame.app */ = {isa = PBXFileReference; explicitFileType = wrapper.application; includeInIndex = 0; path = spacegame.app; sourceTree = BUILT_PRODUCTS_DIR; };
		979A891F2981F3930080690B /* AppDelegate.swift */ = {isa = PBXFileReference; lastKnownFileType = sourcecode.swift; path = AppDelegate.swift; sourceTree = "<group>"; };
		979A89212981F3930080690B /* GameScene.sks */ = {isa = PBXFileReference; lastKnownFileType = file.sks; path = GameScene.sks; sourceTree = "<group>"; };
		979A89232981F3930080690B /* Actions.sks */ = {isa = PBXFileReference; lastKnownFileType = file.sks; path = Actions.sks; sourceTree = "<group>"; };
		979A89252981F3930080690B /* GameScene.swift */ = {isa = PBXFileReference; lastKnownFileType = sourcecode.swift; path = GameScene.swift; sourceTree = "<group>"; };
		979A89272981F3930080690B /* GameViewController.swift */ = {isa = PBXFileReference; lastKnownFileType = sourcecode.swift; path = GameViewController.swift; sourceTree = "<group>"; };
		979A892A2981F3930080690B /* Base */ = {isa = PBXFileReference; lastKnownFileType = file.storyboard; name = Base; path = Base.lproj/Main.storyboard; sourceTree = "<group>"; };
		979A892C2981F3940080690B /* Assets.xcassets */ = {isa = PBXFileReference; lastKnownFileType = folder.assetcatalog; path = Assets.xcassets; sourceTree = "<group>"; };
		979A892F2981F3940080690B /* Base */ = {isa = PBXFileReference; lastKnownFileType = file.storyboard; name = Base; path = Base.lproj/LaunchScreen.storyboard; sourceTree = "<group>"; };
		979A893C298241700080690B /* startMenu.swift */ = {isa = PBXFileReference; lastKnownFileType = sourcecode.swift; path = startMenu.swift; sourceTree = "<group>"; };
		979A893E298242DB0080690B /* startMenu.sks */ = {isa = PBXFileReference; lastKnownFileType = file.sks; path = startMenu.sks; sourceTree = "<group>"; };
		979A89442982B6480080690B /* Starfield.sks */ = {isa = PBXFileReference; lastKnownFileType = file.sks; name = Starfield.sks; path = ../../../Downloads/Starfield.sks; sourceTree = "<group>"; };
/* End PBXFileReference section */

/* Begin PBXFrameworksBuildPhase section */
		979A89192981F3930080690B /* Frameworks */ = {
			isa = PBXFrameworksBuildPhase;
			buildActionMask = 2147483647;
			files = (
			);
			runOnlyForDeploymentPostprocessing = 0;
		};
/* End PBXFrameworksBuildPhase section */

/* Begin PBXGroup section */
		979A89132981F3920080690B = {
			isa = PBXGroup;
			children = (
				979A891E2981F3930080690B /* spacegame */,
				979A891D2981F3930080690B /* Products */,
			);
			sourceTree = "<group>";
		};
		979A891D2981F3930080690B /* Products */ = {
			isa = PBXGroup;
			children = (
				979A891C2981F3930080690B /* spacegame.app */,
			);
			name = Products;
			sourceTree = "<group>";
		};
		979A891E2981F3930080690B /* spacegame */ = {
			isa = PBXGroup;
			children = (
				979A891F2981F3930080690B /* AppDelegate.swift */,
				979A89212981F3930080690B /* GameScene.sks */,
				979A89232981F3930080690B /* Actions.sks */,
				979A89252981F3930080690B /* GameScene.swift */,
				979A893C298241700080690B /* startMenu.swift */,
				979A89272981F3930080690B /* GameViewController.swift */,
				979A893E298242DB0080690B /* startMenu.sks */,
				979A89292981F3930080690B /* Main.storyboard */,
				979A892C2981F3940080690B /* Assets.xcassets */,
				979A892E2981F3940080690B /* LaunchScreen.storyboard */,
				979A89442982B6480080690B /* Starfield.sks */,
			);
			path = spacegame;
			sourceTree = "<group>";
		};
/* End PBXGroup section */

/* Begin PBXNativeTarget section */
		979A891B2981F3930080690B /* spacegame */ = {
			isa = PBXNativeTarget;
			buildConfigurationList = 979A89332981F3940080690B /* Build configuration list for PBXNativeTarget "spacegame" */;
			buildPhases = (
				979A89182981F3930080690B /* Sources */,
				979A89192981F3930080690B /* Frameworks */,
				979A891A2981F3930080690B /* Resources */,
			);
			buildRules = (
			);
			dependencies = (
			);
			name = spacegame;
			productName = spacegame;
			productReference = 979A891C2981F3930080690B /* spacegame.app */;
			productType = "com.apple.product-type.application";
		};
/* End PBXNativeTarget section */

/* Begin PBXProject section */
		979A89142981F3920080690B /* Project object */ = {
			isa = PBXProject;
			attributes = {
				BuildIndependentTargetsInParallel = 1;
				LastSwiftUpdateCheck = 1420;
				LastUpgradeCheck = 1420;
				TargetAttributes = {
					979A891B2981F3930080690B = {
						CreatedOnToolsVersion = 14.2;
					};
				};
			};
			buildConfigurationList = 979A89172981F3920080690B /* Build configuration list for PBXProject "spacegame" */;
			compatibilityVersion = "Xcode 14.0";
			developmentRegion = en;
			hasScannedForEncodings = 0;
			knownRegions = (
				en,
				Base,
			);
			mainGroup = 979A89132981F3920080690B;
			productRefGroup = 979A891D2981F3930080690B /* Products */;
			projectDirPath = "";
			projectRoot = "";
			targets = (
				979A891B2981F3930080690B /* spacegame */,
			);
		};
/* End PBXProject section */

/* Begin PBXResourcesBuildPhase section */
		979A891A2981F3930080690B /* Resources */ = {
			isa = PBXResourcesBuildPhase;
			buildActionMask = 2147483647;
			files = (
				979A892B2981F3930080690B /* Main.storyboard in Resources */,
				979A89222981F3930080690B /* GameScene.sks in Resources */,
				979A892D2981F3940080690B /* Assets.xcassets in Resources */,
				979A89302981F3940080690B /* LaunchScreen.storyboard in Resources */,
				979A89452982B6490080690B /* Starfield.sks in Resources */,
				979A89242981F3930080690B /* Actions.sks in Resources */,
				979A893F298242DB0080690B /* startMenu.sks in Resources */,
			);
			runOnlyForDeploymentPostprocessing = 0;
		};
/* End PBXResourcesBuildPhase section */

/* Begin PBXSourcesBuildPhase section */
		979A89182981F3930080690B /* Sources */ = {
			isa = PBXSourcesBuildPhase;
			buildActionMask = 2147483647;
			files = (
				979A89262981F3930080690B /* GameScene.swift in Sources */,
				979A893D298241700080690B /* startMenu.swift in Sources */,
				979A89282981F3930080690B /* GameViewController.swift in Sources */,
				979A89202981F3930080690B /* AppDelegate.swift in Sources */,
			);
			runOnlyForDeploymentPostprocessing = 0;
		};
/* End PBXSourcesBuildPhase section */

/* Begin PBXVariantGroup section */
		979A89292981F3930080690B /* Main.storyboard */ = {
			isa = PBXVariantGroup;
			children = (
				979A892A2981F3930080690B /* Base */,
			);
			name = Main.storyboard;
			sourceTree = "<group>";
		};
		979A892E2981F3940080690B /* LaunchScreen.storyboard */ = {
			isa = PBXVariantGroup;
			children = (
				979A892F2981F3940080690B /* Base */,
			);
			name = LaunchScreen.storyboard;
			sourceTree = "<group>";
		};
/* End PBXVariantGroup section */

/* Begin XCBuildConfiguration section */
		979A89312981F3940080690B /* Debug */ = {
			isa = XCBuildConfiguration;
			buildSettings = {
				ALWAYS_SEARCH_USER_PATHS = NO;
				CLANG_ANALYZER_NONNULL = YES;
				CLANG_ANALYZER_NUMBER_OBJECT_CONVERSION = YES_AGGRESSIVE;
				CLANG_CXX_LANGUAGE_STANDARD = "gnu++20";
				CLANG_ENABLE_MODULES = YES;
				CLANG_ENABLE_OBJC_ARC = YES;
				CLANG_ENABLE_OBJC_WEAK = YES;
				CLANG_WARN_BLOCK_CAPTURE_AUTORELEASING = YES;
				CLANG_WARN_BOOL_CONVERSION = YES;
				CLANG_WARN_COMMA = YES;
				CLANG_WARN_CONSTANT_CONVERSION = YES;
				CLANG_WARN_DEPRECATED_OBJC_IMPLEMENTATIONS = YES;
				CLANG_WARN_DIRECT_OBJC_ISA_USAGE = YES_ERROR;
				CLANG_WARN_DOCUMENTATION_COMMENTS = YES;
				CLANG_WARN_EMPTY_BODY = YES;
				CLANG_WARN_ENUM_CONVERSION = YES;
				CLANG_WARN_INFINITE_RECURSION = YES;
				CLANG_WARN_INT_CONVERSION = YES;
				CLANG_WARN_NON_LITERAL_NULL_CONVERSION = YES;
				CLANG_WARN_OBJC_IMPLICIT_RETAIN_SELF = YES;
				CLANG_WARN_OBJC_LITERAL_CONVERSION = YES;
				CLANG_WARN_OBJC_ROOT_CLASS = YES_ERROR;
				CLANG_WARN_QUOTED_INCLUDE_IN_FRAMEWORK_HEADER = YES;
				CLANG_WARN_RANGE_LOOP_ANALYSIS = YES;
				CLANG_WARN_STRICT_PROTOTYPES = YES;
				CLANG_WARN_SUSPICIOUS_MOVE = YES;
				CLANG_WARN_UNGUARDED_AVAILABILITY = YES_AGGRESSIVE;
				CLANG_WARN_UNREACHABLE_CODE = YES;
				CLANG_WARN__DUPLICATE_METHOD_MATCH = YES;
				COPY_PHASE_STRIP = NO;
				DEBUG_INFORMATION_FORMAT = dwarf;
				ENABLE_STRICT_OBJC_MSGSEND = YES;
				ENABLE_TESTABILITY = YES;
				GCC_C_LANGUAGE_STANDARD = gnu11;
				GCC_DYNAMIC_NO_PIC = NO;
				GCC_NO_COMMON_BLOCKS = YES;
				GCC_OPTIMIZATION_LEVEL = 0;
				GCC_PREPROCESSOR_DEFINITIONS = (
					"DEBUG=1",
					"$(inherited)",
				);
				GCC_WARN_64_TO_32_BIT_CONVERSION = YES;
				GCC_WARN_ABOUT_RETURN_TYPE = YES_ERROR;
				GCC_WARN_UNDECLARED_SELECTOR = YES;
				GCC_WARN_UNINITIALIZED_AUTOS = YES_AGGRESSIVE;
				GCC_WARN_UNUSED_FUNCTION = YES;
				GCC_WARN_UNUSED_VARIABLE = YES;
				IPHONEOS_DEPLOYMENT_TARGET = 16.2;
				MTL_ENABLE_DEBUG_INFO = INCLUDE_SOURCE;
				MTL_FAST_MATH = YES;
				ONLY_ACTIVE_ARCH = YES;
				SDKROOT = iphoneos;
				SWIFT_ACTIVE_COMPILATION_CONDITIONS = DEBUG;
				SWIFT_OPTIMIZATION_LEVEL = "-Onone";
			};
			name = Debug;
		};
		979A89322981F3940080690B /* Release */ = {
			isa = XCBuildConfiguration;
			buildSettings = {
				ALWAYS_SEARCH_USER_PATHS = NO;
				CLANG_ANALYZER_NONNULL = YES;
				CLANG_ANALYZER_NUMBER_OBJECT_CONVERSION = YES_AGGRESSIVE;
				CLANG_CXX_LANGUAGE_STANDARD = "gnu++20";
				CLANG_ENABLE_MODULES = YES;
				CLANG_ENABLE_OBJC_ARC = YES;
				CLANG_ENABLE_OBJC_WEAK = YES;
				CLANG_WARN_BLOCK_CAPTURE_AUTORELEASING = YES;
				CLANG_WARN_BOOL_CONVERSION = YES;
				CLANG_WARN_COMMA = YES;
				CLANG_WARN_CONSTANT_CONVERSION = YES;
				CLANG_WARN_DEPRECATED_OBJC_IMPLEMENTATIONS = YES;
				CLANG_WARN_DIRECT_OBJC_ISA_USAGE = YES_ERROR;
				CLANG_WARN_DOCUMENTATION_COMMENTS = YES;
				CLANG_WARN_EMPTY_BODY = YES;
				CLANG_WARN_ENUM_CONVERSION = YES;
				CLANG_WARN_INFINITE_RECURSION = YES;
				CLANG_WARN_INT_CONVERSION = YES;
				CLANG_WARN_NON_LITERAL_NULL_CONVERSION = YES;
				CLANG_WARN_OBJC_IMPLICIT_RETAIN_SELF = YES;
				CLANG_WARN_OBJC_LITERAL_CONVERSION = YES;
				CLANG_WARN_OBJC_ROOT_CLASS = YES_ERROR;
				CLANG_WARN_QUOTED_INCLUDE_IN_FRAMEWORK_HEADER = YES;
				CLANG_WARN_RANGE_LOOP_ANALYSIS = YES;
				CLANG_WARN_STRICT_PROTOTYPES = YES;
				CLANG_WARN_SUSPICIOUS_MOVE = YES;
				CLANG_WARN_UNGUARDED_AVAILABILITY = YES_AGGRESSIVE;
				CLANG_WARN_UNREACHABLE_CODE = YES;
				CLANG_WARN__DUPLICATE_METHOD_MATCH = YES;
				COPY_PHASE_STRIP = NO;
				DEBUG_INFORMATION_FORMAT = "dwarf-with-dsym";
				ENABLE_NS_ASSERTIONS = NO;
				ENABLE_STRICT_OBJC_MSGSEND = YES;
				GCC_C_LANGUAGE_STANDARD = gnu11;
				GCC_NO_COMMON_BLOCKS = YES;
				GCC_WARN_64_TO_32_BIT_CONVERSION = YES;
				GCC_WARN_ABOUT_RETURN_TYPE = YES_ERROR;
				GCC_WARN_UNDECLARED_SELECTOR = YES;
				GCC_WARN_UNINITIALIZED_AUTOS = YES_AGGRESSIVE;
				GCC_WARN_UNUSED_FUNCTION = YES;
				GCC_WARN_UNUSED_VARIABLE = YES;
				IPHONEOS_DEPLOYMENT_TARGET = 16.2;
				MTL_ENABLE_DEBUG_INFO = NO;
				MTL_FAST_MATH = YES;
				SDKROOT = iphoneos;
				SWIFT_COMPILATION_MODE = wholemodule;
				SWIFT_OPTIMIZATION_LEVEL = "-O";
				VALIDATE_PRODUCT = YES;
			};
			name = Release;
		};
		979A89342981F3940080690B /* Debug */ = {
			isa = XCBuildConfiguration;
			buildSettings = {
				ASSETCATALOG_COMPILER_APPICON_NAME = AppIcon;
				ASSETCATALOG_COMPILER_GLOBAL_ACCENT_COLOR_NAME = AccentColor;
				CODE_SIGN_STYLE = Automatic;
				CURRENT_PROJECT_VERSION = 1;
				GENERATE_INFOPLIST_FILE = YES;
				INFOPLIST_KEY_UIApplicationSupportsIndirectInputEvents = YES;
				INFOPLIST_KEY_UILaunchStoryboardName = LaunchScreen;
				INFOPLIST_KEY_UIMainStoryboardFile = Main;
				INFOPLIST_KEY_UIStatusBarHidden = YES;
				INFOPLIST_KEY_UISupportedInterfaceOrientations_iPad = "UIInterfaceOrientationPortrait UIInterfaceOrientationPortraitUpsideDown UIInterfaceOrientationLandscapeLeft UIInterfaceOrientationLandscapeRight";
				INFOPLIST_KEY_UISupportedInterfaceOrientations_iPhone = "UIInterfaceOrientationPortrait UIInterfaceOrientationLandscapeLeft UIInterfaceOrientationLandscapeRight";
				LD_RUNPATH_SEARCH_PATHS = (
					"$(inherited)",
					"@executable_path/Frameworks",
				);
				MARKETING_VERSION = 1.0;
				PRODUCT_BUNDLE_IDENTIFIER = com.game.spacegame;
				PRODUCT_NAME = "$(TARGET_NAME)";
				SWIFT_EMIT_LOC_STRINGS = YES;
				SWIFT_VERSION = 5.0;
				TARGETED_DEVICE_FAMILY = "1,2";
			};
			name = Debug;
		};
		979A89352981F3940080690B /* Release */ = {
			isa = XCBuildConfiguration;
			buildSettings = {
				ASSETCATALOG_COMPILER_APPICON_NAME = AppIcon;
				ASSETCATALOG_COMPILER_GLOBAL_ACCENT_COLOR_NAME = AccentColor;
				CODE_SIGN_STYLE = Automatic;
				CURRENT_PROJECT_VERSION = 1;
				GENERATE_INFOPLIST_FILE = YES;
				INFOPLIST_KEY_UIApplicationSupportsIndirectInputEvents = YES;
				INFOPLIST_KEY_UILaunchStoryboardName = LaunchScreen;
				INFOPLIST_KEY_UIMainStoryboardFile = Main;
				INFOPLIST_KEY_UIStatusBarHidden = YES;
				INFOPLIST_KEY_UISupportedInterfaceOrientations_iPad = "UIInterfaceOrientationPortrait UIInterfaceOrientationPortraitUpsideDown UIInterfaceOrientationLandscapeLeft UIInterfaceOrientationLandscapeRight";
				INFOPLIST_KEY_UISupportedInterfaceOrientations_iPhone = "UIInterfaceOrientationPortrait UIInterfaceOrientationLandscapeLeft UIInterfaceOrientationLandscapeRight";
				LD_RUNPATH_SEARCH_PATHS = (
					"$(inherited)",
					"@executable_path/Frameworks",
				);
				MARKETING_VERSION = 1.0;
				PRODUCT_BUNDLE_IDENTIFIER = com.game.spacegame;
				PRODUCT_NAME = "$(TARGET_NAME)";
				SWIFT_EMIT_LOC_STRINGS = YES;
				SWIFT_VERSION = 5.0;
				TARGETED_DEVICE_FAMILY = "1,2";
			};
			name = Release;
		};
/* End XCBuildConfiguration section */

/* Begin XCConfigurationList section */
		979A89172981F3920080690B /* Build configuration list for PBXProject "spacegame" */ = {
			isa = XCConfigurationList;
			buildConfigurations = (
				979A89312981F3940080690B /* Debug */,
				979A89322981F3940080690B /* Release */,
			);
			defaultConfigurationIsVisible = 0;
			defaultConfigurationName = Release;
		};
		979A89332981F3940080690B /* Build configuration list for PBXNativeTarget "spacegame" */ = {
			isa = XCConfigurationList;
			buildConfigurations = (
				979A89342981F3940080690B /* Debug */,
				979A89352981F3940080690B /* Release */,
			);
			defaultConfigurationIsVisible = 0;
			defaultConfigurationName = Release;
		};
/* End XCConfigurationList section */
	};
	rootObject = 979A89142981F3920080690B /* Project object */;
}
